
Microsoft Visual Studio Solution File, Format Version 12.00
# Visual Studio 14
VisualStudioVersion = 14.0.25420.1
MinimumVisualStudioVersion = 10.0.40219.1
Project("{FAE04EC0-301F-11D3-BF4B-00C04F79EFBC}") = "AAS.Core", "AAS.Core\AAS.Core.csproj", "{441CB827-9954-43DE-9673-1F7D730EA6B7}"
EndProject
Project("{FAE04EC0-301F-11D3-BF4B-00C04F79EFBC}") = "AAS.ExternalService.Aliorbank", "AAS.ExternalService.Aliorbank\AAS.ExternalService.Aliorbank.csproj", "{CC2C5BFC-E81B-48B0-9832-A945BF264CFB}"
EndProject
Project("{2150E333-8FDC-42A3-9474-1A3956D46DE8}") = "Core", "Core", "{71BB5715-A1E2-467F-8395-B04F725B4597}"
EndProject
Project("{2150E333-8FDC-42A3-9474-1A3956D46DE8}") = "ExternalServices", "ExternalServices", "{E5F66AB5-BB1D-4BB4-8A7F-DA275FC8A471}"
EndProject
Project("{FAE04EC0-301F-11D3-BF4B-00C04F79EFBC}") = "AAS.Core.Contracts", "AAS.Core.Contracts\AAS.Core.Contracts.csproj", "{F2AF27FB-1D5A-40C7-8805-79838A774E07}"
EndProject
Project("{2150E333-8FDC-42A3-9474-1A3956D46DE8}") = "Tests", "Tests", "{29979D09-FD47-4BE4-B7AF-8CD2F851C51D}"
EndProject
Project("{FAE04EC0-301F-11D3-BF4B-00C04F79EFBC}") = "AAS.Tests", "AAS.Tests\AAS.Tests.csproj", "{189D0B22-515B-4C4D-B75B-CD1AEFF2ABEA}"
EndProject
Global
	GlobalSection(SolutionConfigurationPlatforms) = preSolution
		Debug|Any CPU = Debug|Any CPU
		Release|Any CPU = Release|Any CPU
	EndGlobalSection
	GlobalSection(ProjectConfigurationPlatforms) = postSolution
		{441CB827-9954-43DE-9673-1F7D730EA6B7}.Debug|Any CPU.ActiveCfg = Debug|Any CPU
		{441CB827-9954-43DE-9673-1F7D730EA6B7}.Debug|Any CPU.Build.0 = Debug|Any CPU
		{441CB827-9954-43DE-9673-1F7D730EA6B7}.Release|Any CPU.ActiveCfg = Release|Any CPU
		{441CB827-9954-43DE-9673-1F7D730EA6B7}.Release|Any CPU.Build.0 = Release|Any CPU
		{CC2C5BFC-E81B-48B0-9832-A945BF264CFB}.Debug|Any CPU.ActiveCfg = Debug|Any CPU
		{CC2C5BFC-E81B-48B0-9832-A945BF264CFB}.Debug|Any CPU.Build.0 = Debug|Any CPU
		{CC2C5BFC-E81B-48B0-9832-A945BF264CFB}.Release|Any CPU.ActiveCfg = Release|Any CPU
		{CC2C5BFC-E81B-48B0-9832-A945BF264CFB}.Release|Any CPU.Build.0 = Release|Any CPU
		{F2AF27FB-1D5A-40C7-8805-79838A774E07}.Debug|Any CPU.ActiveCfg = Debug|Any CPU
		{F2AF27FB-1D5A-40C7-8805-79838A774E07}.Debug|Any CPU.Build.0 = Debug|Any CPU
		{F2AF27FB-1D5A-40C7-8805-79838A774E07}.Release|Any CPU.ActiveCfg = Release|Any CPU
		{F2AF27FB-1D5A-40C7-8805-79838A774E07}.Release|Any CPU.Build.0 = Release|Any CPU
		{189D0B22-515B-4C4D-B75B-CD1AEFF2ABEA}.Debug|Any CPU.ActiveCfg = Debug|Any CPU
		{189D0B22-515B-4C4D-B75B-CD1AEFF2ABEA}.Debug|Any CPU.Build.0 = Debug|Any CPU
		{189D0B22-515B-4C4D-B75B-CD1AEFF2ABEA}.Release|Any CPU.ActiveCfg = Release|Any CPU
		{189D0B22-515B-4C4D-B75B-CD1AEFF2ABEA}.Release|Any CPU.Build.0 = Release|Any CPU
	EndGlobalSection
	GlobalSection(SolutionProperties) = preSolution
		HideSolutionNode = FALSE
	EndGlobalSection
	GlobalSection(NestedProjects) = preSolution
		{441CB827-9954-43DE-9673-1F7D730EA6B7} = {71BB5715-A1E2-467F-8395-B04F725B4597}
		{CC2C5BFC-E81B-48B0-9832-A945BF264CFB} = {E5F66AB5-BB1D-4BB4-8A7F-DA275FC8A471}
		{F2AF27FB-1D5A-40C7-8805-79838A774E07} = {71BB5715-A1E2-467F-8395-B04F725B4597}
		{189D0B22-515B-4C4D-B75B-CD1AEFF2ABEA} = {29979D09-FD47-4BE4-B7AF-8CD2F851C51D}
	EndGlobalSection
EndGlobal
